
Microsoft Visual Studio Solution File, Format Version 12.00
# Visual Studio Version 16
VisualStudioVersion = 16.0.33328.57
MinimumVisualStudioVersion = 10.0.40219.1
Project("{FAE04EC0-301F-11D3-BF4B-00C04F79EFBC}") = "TAC", "TAC.csproj", "{DE24BE5C-BDC0-49F3-B2C2-BD9330DB5E9F}"
EndProject
Project("{FAE04EC0-301F-11D3-BF4B-00C04F79EFBC}") = "TAC.Tests", "..\TAC.Tests\TAC.Tests.csproj", "{ED330E24-1B68-4D86-A8F8-C3FBC6CD9FB5}"
EndProject
Project("{FAE04EC0-301F-11D3-BF4B-00C04F79EFBC}") = "TAC.Sitecore.Abstractions", "TAC.Sitecore.Abstractions\TAC.Sitecore.Abstractions.csproj", "{71417F51-8B93-4F15-A2BB-BB12FE286B24}"
EndProject
Global
	GlobalSection(SolutionConfigurationPlatforms) = preSolution
		Debug|Any CPU = Debug|Any CPU
		Release|Any CPU = Release|Any CPU
	EndGlobalSection
	GlobalSection(ProjectConfigurationPlatforms) = postSolution
		{DE24BE5C-BDC0-49F3-B2C2-BD9330DB5E9F}.Debug|Any CPU.ActiveCfg = Debug|Any CPU
		{DE24BE5C-BDC0-49F3-B2C2-BD9330DB5E9F}.Debug|Any CPU.Build.0 = Debug|Any CPU
		{DE24BE5C-BDC0-49F3-B2C2-BD9330DB5E9F}.Release|Any CPU.ActiveCfg = Release|Any CPU
		{DE24BE5C-BDC0-49F3-B2C2-BD9330DB5E9F}.Release|Any CPU.Build.0 = Release|Any CPU
		{ED330E24-1B68-4D86-A8F8-C3FBC6CD9FB5}.Debug|Any CPU.ActiveCfg = Debug|Any CPU
		{ED330E24-1B68-4D86-A8F8-C3FBC6CD9FB5}.Debug|Any CPU.Build.0 = Debug|Any CPU
		{ED330E24-1B68-4D86-A8F8-C3FBC6CD9FB5}.Release|Any CPU.ActiveCfg = Release|Any CPU
		{ED330E24-1B68-4D86-A8F8-C3FBC6CD9FB5}.Release|Any CPU.Build.0 = Release|Any CPU
		{71417F51-8B93-4F15-A2BB-BB12FE286B24}.Debug|Any CPU.ActiveCfg = Debug|Any CPU
		{71417F51-8B93-4F15-A2BB-BB12FE286B24}.Debug|Any CPU.Build.0 = Debug|Any CPU
		{71417F51-8B93-4F15-A2BB-BB12FE286B24}.Release|Any CPU.ActiveCfg = Release|Any CPU
		{71417F51-8B93-4F15-A2BB-BB12FE286B24}.Release|Any CPU.Build.0 = Release|Any CPU
	EndGlobalSection
	GlobalSection(SolutionProperties) = preSolution
		HideSolutionNode = FALSE
	EndGlobalSection
	GlobalSection(ExtensibilityGlobals) = postSolution
		SolutionGuid = {51795D20-E7ED-4C63-BB79-BFBDD082E9BD}
	EndGlobalSection
EndGlobal
